
Microsoft Visual Studio Solution File, Format Version 12.00
# Visual Studio 15
VisualStudioVersion = 15.0.27703.2042
MinimumVisualStudioVersion = 10.0.40219.1
Project("{FAE04EC0-301F-11D3-BF4B-00C04F79EFBC}") = "nithin_webschool", "nithin_webschool\nithin_webschool.csproj", "{C22793E5-3383-4D6E-A17C-635B669FFC66}"
EndProject
Global
	GlobalSection(SolutionConfigurationPlatforms) = preSolution
		Debug|Any CPU = Debug|Any CPU
		Release|Any CPU = Release|Any CPU
	EndGlobalSection
	GlobalSection(ProjectConfigurationPlatforms) = postSolution
		{C22793E5-3383-4D6E-A17C-635B669FFC66}.Debug|Any CPU.ActiveCfg = Debug|Any CPU
		{C22793E5-3383-4D6E-A17C-635B669FFC66}.Debug|Any CPU.Build.0 = Debug|Any CPU
		{C22793E5-3383-4D6E-A17C-635B669FFC66}.Release|Any CPU.ActiveCfg = Release|Any CPU
		{C22793E5-3383-4D6E-A17C-635B669FFC66}.Release|Any CPU.Build.0 = Release|Any CPU
	EndGlobalSection
	GlobalSection(SolutionProperties) = preSolution
		HideSolutionNode = FALSE
	EndGlobalSection
	GlobalSection(ExtensibilityGlobals) = postSolution
		SolutionGuid = {53985E5F-BFB2-4401-9225-B5EE48D24250}
	EndGlobalSection
EndGlobal
